
Microsoft Visual Studio Solution File, Format Version 12.00
# Visual Studio Version 16
VisualStudioVersion = 25.0.1700.0
MinimumVisualStudioVersion = 10.0.40219.1
Project("{FAE04EC0-301F-11D3-BF4B-00C04F79EFBC}") = "BlazorAppServerLab", "BlazorAppServerLab\BlazorAppServerLab.csproj", "{A059D551-2793-4720-BFE3-B10BAE3A43E6}"
EndProject
Global
	GlobalSection(SolutionConfigurationPlatforms) = preSolution
		Debug|Any CPU = Debug|Any CPU
		Release|Any CPU = Release|Any CPU
	EndGlobalSection
	GlobalSection(ProjectConfigurationPlatforms) = postSolution
		{A059D551-2793-4720-BFE3-B10BAE3A43E6}.Debug|Any CPU.ActiveCfg = Debug|Any CPU
		{A059D551-2793-4720-BFE3-B10BAE3A43E6}.Debug|Any CPU.Build.0 = Debug|Any CPU
		{A059D551-2793-4720-BFE3-B10BAE3A43E6}.Release|Any CPU.ActiveCfg = Release|Any CPU
		{A059D551-2793-4720-BFE3-B10BAE3A43E6}.Release|Any CPU.Build.0 = Release|Any CPU
	EndGlobalSection
	GlobalSection(SolutionProperties) = preSolution
		HideSolutionNode = FALSE
	EndGlobalSection
	GlobalSection(ExtensibilityGlobals) = postSolution
		SolutionGuid = {EA937F2F-3CA4-44E9-BCD7-64A877A4C0DA}
	EndGlobalSection
EndGlobal
